
Microsoft Visual Studio Solution File, Format Version 12.00
# Visual Studio 15
VisualStudioVersion = 15.0.26730.12
MinimumVisualStudioVersion = 10.0.40219.1
Project("{8BC9CEB8-8B4A-11D0-8D11-00A0C91BC942}") = "Exp4_StorageManagment", "Exp4_StorageManagment\Exp4_StorageManagment.vcxproj", "{3AF90428-0B4D-46C4-94BB-28F57A018A62}"
EndProject
Global
	GlobalSection(SolutionConfigurationPlatforms) = preSolution
		Debug|x64 = Debug|x64
		Debug|x86 = Debug|x86
		Release|x64 = Release|x64
		Release|x86 = Release|x86
	EndGlobalSection
	GlobalSection(ProjectConfigurationPlatforms) = postSolution
		{3AF90428-0B4D-46C4-94BB-28F57A018A62}.Debug|x64.ActiveCfg = Debug|x64
		{3AF90428-0B4D-46C4-94BB-28F57A018A62}.Debug|x64.Build.0 = Debug|x64
		{3AF90428-0B4D-46C4-94BB-28F57A018A62}.Debug|x86.ActiveCfg = Debug|Win32
		{3AF90428-0B4D-46C4-94BB-28F57A018A62}.Debug|x86.Build.0 = Debug|Win32
		{3AF90428-0B4D-46C4-94BB-28F57A018A62}.Release|x64.ActiveCfg = Release|x64
		{3AF90428-0B4D-46C4-94BB-28F57A018A62}.Release|x64.Build.0 = Release|x64
		{3AF90428-0B4D-46C4-94BB-28F57A018A62}.Release|x86.ActiveCfg = Release|Win32
		{3AF90428-0B4D-46C4-94BB-28F57A018A62}.Release|x86.Build.0 = Release|Win32
	EndGlobalSection
	GlobalSection(SolutionProperties) = preSolution
		HideSolutionNode = FALSE
	EndGlobalSection
	GlobalSection(ExtensibilityGlobals) = postSolution
		SolutionGuid = {4D289137-3E49-4E26-8C1C-5A1EAA038103}
	EndGlobalSection
EndGlobal
